
Microsoft Visual Studio Solution File, Format Version 12.00
# Visual Studio Version 16
VisualStudioVersion = 16.0.30114.105
MinimumVisualStudioVersion = 10.0.40219.1
Project("{9A19103F-16F7-4668-BE54-9A1E7A4F7556}") = "MyDataTools.Sql", "MyDataTools.Sql\MyDataTools.Sql.csproj", "{1859EC9F-841C-47BC-9DE6-44D90CCF287C}"
EndProject
Project("{00D1A9C2-B5F0-4AF3-8072-F6C62B433612}") = "MyDataTools.Db", "MyDataTools.Db\MyDataTools.Db.sqlproj", "{49B038EB-22D8-4148-B9F4-4CCC916118E5}"
EndProject
Project("{2150E333-8FDC-42A3-9474-1A3956D46DE8}") = "Solution Items", "Solution Items", "{D6DDAA0E-016D-41C0-94A7-F70EA12DA477}"
	ProjectSection(SolutionItems) = preProject
		README.md = README.md
	EndProjectSection
EndProject
Project("{FAE04EC0-301F-11D3-BF4B-00C04F79EFBC}") = "MyDataTools.Import", "MyDataTools.Import\MyDataTools.Import.csproj", "{DDCEC4DC-3B02-450E-88BB-A4B35E395102}"
EndProject
Global
	GlobalSection(SolutionConfigurationPlatforms) = preSolution
		Debug|Any CPU = Debug|Any CPU
		Release|Any CPU = Release|Any CPU
	EndGlobalSection
	GlobalSection(ProjectConfigurationPlatforms) = postSolution
		{1859EC9F-841C-47BC-9DE6-44D90CCF287C}.Debug|Any CPU.ActiveCfg = Debug|Any CPU
		{1859EC9F-841C-47BC-9DE6-44D90CCF287C}.Debug|Any CPU.Build.0 = Debug|Any CPU
		{1859EC9F-841C-47BC-9DE6-44D90CCF287C}.Release|Any CPU.ActiveCfg = Release|Any CPU
		{1859EC9F-841C-47BC-9DE6-44D90CCF287C}.Release|Any CPU.Build.0 = Release|Any CPU
		{49B038EB-22D8-4148-B9F4-4CCC916118E5}.Debug|Any CPU.ActiveCfg = Debug|Any CPU
		{49B038EB-22D8-4148-B9F4-4CCC916118E5}.Debug|Any CPU.Build.0 = Debug|Any CPU
		{49B038EB-22D8-4148-B9F4-4CCC916118E5}.Debug|Any CPU.Deploy.0 = Debug|Any CPU
		{49B038EB-22D8-4148-B9F4-4CCC916118E5}.Release|Any CPU.ActiveCfg = Release|Any CPU
		{49B038EB-22D8-4148-B9F4-4CCC916118E5}.Release|Any CPU.Build.0 = Release|Any CPU
		{49B038EB-22D8-4148-B9F4-4CCC916118E5}.Release|Any CPU.Deploy.0 = Release|Any CPU
		{DDCEC4DC-3B02-450E-88BB-A4B35E395102}.Debug|Any CPU.ActiveCfg = Debug|Any CPU
		{DDCEC4DC-3B02-450E-88BB-A4B35E395102}.Debug|Any CPU.Build.0 = Debug|Any CPU
		{DDCEC4DC-3B02-450E-88BB-A4B35E395102}.Release|Any CPU.ActiveCfg = Release|Any CPU
		{DDCEC4DC-3B02-450E-88BB-A4B35E395102}.Release|Any CPU.Build.0 = Release|Any CPU
	EndGlobalSection
	GlobalSection(SolutionProperties) = preSolution
		HideSolutionNode = FALSE
	EndGlobalSection
	GlobalSection(ExtensibilityGlobals) = postSolution
		SolutionGuid = {332BE6F7-88D0-40E3-AA9B-3476EEE0CA80}
	EndGlobalSection
EndGlobal
